
Microsoft Visual Studio Solution File, Format Version 12.00
# Visual Studio 14
VisualStudioVersion = 14.0.25420.1
MinimumVisualStudioVersion = 10.0.40219.1
Project("{FAE04EC0-301F-11D3-BF4B-00C04F79EFBC}") = "OSBLEPlusWordAddin", "OSBLEPlusWordAddin\OSBLEPlusWordAddin.csproj", "{4E480CF5-9664-44D0-9588-17CBF6E655AB}"
EndProject
Global
	GlobalSection(SolutionConfigurationPlatforms) = preSolution
		Debug|Any CPU = Debug|Any CPU
		Release|Any CPU = Release|Any CPU
	EndGlobalSection
	GlobalSection(ProjectConfigurationPlatforms) = postSolution
		{4E480CF5-9664-44D0-9588-17CBF6E655AB}.Debug|Any CPU.ActiveCfg = Debug|Any CPU
		{4E480CF5-9664-44D0-9588-17CBF6E655AB}.Debug|Any CPU.Build.0 = Debug|Any CPU
		{4E480CF5-9664-44D0-9588-17CBF6E655AB}.Release|Any CPU.ActiveCfg = Release|Any CPU
		{4E480CF5-9664-44D0-9588-17CBF6E655AB}.Release|Any CPU.Build.0 = Release|Any CPU
	EndGlobalSection
	GlobalSection(SolutionProperties) = preSolution
		HideSolutionNode = FALSE
	EndGlobalSection
EndGlobal
